
Microsoft Visual Studio Solution File, Format Version 12.00
# Visual Studio Version 17
VisualStudioVersion = 17.4.33205.214
MinimumVisualStudioVersion = 10.0.40219.1
Project("{FAE04EC0-301F-11D3-BF4B-00C04F79EFBC}") = "Wpf3DCubeApp", "Wpf3DCubeApp\Wpf3DCubeApp.csproj", "{01D82FD9-199A-4D2C-ADC9-8A2A63AF8BBB}"
EndProject
Global
	GlobalSection(SolutionConfigurationPlatforms) = preSolution
		Debug|Any CPU = Debug|Any CPU
		Release|Any CPU = Release|Any CPU
	EndGlobalSection
	GlobalSection(ProjectConfigurationPlatforms) = postSolution
		{01D82FD9-199A-4D2C-ADC9-8A2A63AF8BBB}.Debug|Any CPU.ActiveCfg = Debug|Any CPU
		{01D82FD9-199A-4D2C-ADC9-8A2A63AF8BBB}.Debug|Any CPU.Build.0 = Debug|Any CPU
		{01D82FD9-199A-4D2C-ADC9-8A2A63AF8BBB}.Release|Any CPU.ActiveCfg = Release|Any CPU
		{01D82FD9-199A-4D2C-ADC9-8A2A63AF8BBB}.Release|Any CPU.Build.0 = Release|Any CPU
	EndGlobalSection
	GlobalSection(SolutionProperties) = preSolution
		HideSolutionNode = FALSE
	EndGlobalSection
	GlobalSection(ExtensibilityGlobals) = postSolution
		SolutionGuid = {B5CDEBBC-0035-4436-B241-B31788133157}
	EndGlobalSection
EndGlobal
